
Microsoft Visual Studio Solution File, Format Version 12.00
Project("{FAE04EC0-301F-11D3-BF4B-00C04F79EFBC}") = "Task1", "Task1\Task1.csproj", "{C3F18D36-05F2-457D-B95E-15D3034D65B2}"
EndProject
Project("{FAE04EC0-301F-11D3-BF4B-00C04F79EFBC}") = "Task2", "Task2\Task2.csproj", "{154FABE7-0629-4E87-9355-7350AD7C8E43}"
EndProject
Project("{FAE04EC0-301F-11D3-BF4B-00C04F79EFBC}") = "Task3", "Task3\Task3.csproj", "{FEBB0425-F6A9-4163-8B50-099045809E16}"
EndProject
Global
	GlobalSection(SolutionConfigurationPlatforms) = preSolution
		Debug|Any CPU = Debug|Any CPU
		Release|Any CPU = Release|Any CPU
	EndGlobalSection
	GlobalSection(ProjectConfigurationPlatforms) = postSolution
		{C3F18D36-05F2-457D-B95E-15D3034D65B2}.Debug|Any CPU.ActiveCfg = Debug|Any CPU
		{C3F18D36-05F2-457D-B95E-15D3034D65B2}.Debug|Any CPU.Build.0 = Debug|Any CPU
		{C3F18D36-05F2-457D-B95E-15D3034D65B2}.Release|Any CPU.ActiveCfg = Release|Any CPU
		{C3F18D36-05F2-457D-B95E-15D3034D65B2}.Release|Any CPU.Build.0 = Release|Any CPU
		{154FABE7-0629-4E87-9355-7350AD7C8E43}.Debug|Any CPU.ActiveCfg = Debug|Any CPU
		{154FABE7-0629-4E87-9355-7350AD7C8E43}.Debug|Any CPU.Build.0 = Debug|Any CPU
		{154FABE7-0629-4E87-9355-7350AD7C8E43}.Release|Any CPU.ActiveCfg = Release|Any CPU
		{154FABE7-0629-4E87-9355-7350AD7C8E43}.Release|Any CPU.Build.0 = Release|Any CPU
		{FEBB0425-F6A9-4163-8B50-099045809E16}.Debug|Any CPU.ActiveCfg = Debug|Any CPU
		{FEBB0425-F6A9-4163-8B50-099045809E16}.Debug|Any CPU.Build.0 = Debug|Any CPU
		{FEBB0425-F6A9-4163-8B50-099045809E16}.Release|Any CPU.ActiveCfg = Release|Any CPU
		{FEBB0425-F6A9-4163-8B50-099045809E16}.Release|Any CPU.Build.0 = Release|Any CPU
	EndGlobalSection
EndGlobal
